
Microsoft Visual Studio Solution File, Format Version 12.00
# Visual Studio Version 17
VisualStudioVersion = 17.11.35327.3
MinimumVisualStudioVersion = 10.0.40219.1
Project("{FAE04EC0-301F-11D3-BF4B-00C04F79EFBC}") = "MvcOnlineTicariOtomasyon", "MvcOnlineTicariOtomasyon\MvcOnlineTicariOtomasyon.csproj", "{EAA22308-F268-42A4-A34B-E39297C0B399}"
EndProject
Global
	GlobalSection(SolutionConfigurationPlatforms) = preSolution
		Debug|Any CPU = Debug|Any CPU
		Release|Any CPU = Release|Any CPU
	EndGlobalSection
	GlobalSection(ProjectConfigurationPlatforms) = postSolution
		{EAA22308-F268-42A4-A34B-E39297C0B399}.Debug|Any CPU.ActiveCfg = Debug|Any CPU
		{EAA22308-F268-42A4-A34B-E39297C0B399}.Debug|Any CPU.Build.0 = Debug|Any CPU
		{EAA22308-F268-42A4-A34B-E39297C0B399}.Release|Any CPU.ActiveCfg = Release|Any CPU
		{EAA22308-F268-42A4-A34B-E39297C0B399}.Release|Any CPU.Build.0 = Release|Any CPU
	EndGlobalSection
	GlobalSection(SolutionProperties) = preSolution
		HideSolutionNode = FALSE
	EndGlobalSection
	GlobalSection(ExtensibilityGlobals) = postSolution
		SolutionGuid = {7D245114-8717-4ADC-BF83-904A957EEE00}
	EndGlobalSection
EndGlobal
